
Microsoft Visual Studio Solution File, Format Version 12.00
# Visual Studio Version 17
VisualStudioVersion = 17.13.35617.110
MinimumVisualStudioVersion = 10.0.40219.1
Project("{FAE04EC0-301F-11D3-BF4B-00C04F79EFBC}") = "fx-api-csharp", "fx-api-csharp\fx-api-csharp.csproj", "{89080289-5788-4A14-A3E3-4C5FBD87A6FE}"
EndProject
Project("{2150E333-8FDC-42A3-9474-1A3956D46DE8}") = "Dependencies", "Dependencies", "{02EA681E-C7D8-13C7-8484-4AC65E1B71E8}"
EndProject
Project("{FAE04EC0-301F-11D3-BF4B-00C04F79EFBC}") = "RtspClientSharp", "Dependencies\RtspClientSharp\RtspClientSharp.csproj", "{6C4EDB14-5C36-B1B6-59B2-0008D5799879}"
EndProject
Project("{FAE04EC0-301F-11D3-BF4B-00C04F79EFBC}") = "gui-example", "gui-example\gui-example.csproj", "{CBBEF7D3-41AD-47CD-9E0B-38B0A0612E89}"
EndProject
Project("{2150E333-8FDC-42A3-9474-1A3956D46DE8}") = "솔루션 항목", "솔루션 항목", "{F1F2A5E0-3614-4385-A941-A148300F7F4A}"
	ProjectSection(SolutionItems) = preProject
		README.md = README.md
	EndProjectSection
EndProject
Global
	GlobalSection(SolutionConfigurationPlatforms) = preSolution
		Debug|Any CPU = Debug|Any CPU
		Release|Any CPU = Release|Any CPU
	EndGlobalSection
	GlobalSection(ProjectConfigurationPlatforms) = postSolution
		{89080289-5788-4A14-A3E3-4C5FBD87A6FE}.Debug|Any CPU.ActiveCfg = Debug|Any CPU
		{89080289-5788-4A14-A3E3-4C5FBD87A6FE}.Debug|Any CPU.Build.0 = Debug|Any CPU
		{89080289-5788-4A14-A3E3-4C5FBD87A6FE}.Release|Any CPU.ActiveCfg = Release|Any CPU
		{89080289-5788-4A14-A3E3-4C5FBD87A6FE}.Release|Any CPU.Build.0 = Release|Any CPU
		{6C4EDB14-5C36-B1B6-59B2-0008D5799879}.Debug|Any CPU.ActiveCfg = Debug|Any CPU
		{6C4EDB14-5C36-B1B6-59B2-0008D5799879}.Debug|Any CPU.Build.0 = Debug|Any CPU
		{6C4EDB14-5C36-B1B6-59B2-0008D5799879}.Release|Any CPU.ActiveCfg = Release|Any CPU
		{6C4EDB14-5C36-B1B6-59B2-0008D5799879}.Release|Any CPU.Build.0 = Release|Any CPU
		{CBBEF7D3-41AD-47CD-9E0B-38B0A0612E89}.Debug|Any CPU.ActiveCfg = Debug|x64
		{CBBEF7D3-41AD-47CD-9E0B-38B0A0612E89}.Debug|Any CPU.Build.0 = Debug|x64
		{CBBEF7D3-41AD-47CD-9E0B-38B0A0612E89}.Debug|Any CPU.Deploy.0 = Debug|x64
		{CBBEF7D3-41AD-47CD-9E0B-38B0A0612E89}.Release|Any CPU.ActiveCfg = Release|x64
		{CBBEF7D3-41AD-47CD-9E0B-38B0A0612E89}.Release|Any CPU.Build.0 = Release|x64
		{CBBEF7D3-41AD-47CD-9E0B-38B0A0612E89}.Release|Any CPU.Deploy.0 = Release|x64
	EndGlobalSection
	GlobalSection(SolutionProperties) = preSolution
		HideSolutionNode = FALSE
	EndGlobalSection
	GlobalSection(NestedProjects) = preSolution
		{6C4EDB14-5C36-B1B6-59B2-0008D5799879} = {02EA681E-C7D8-13C7-8484-4AC65E1B71E8}
	EndGlobalSection
	GlobalSection(ExtensibilityGlobals) = postSolution
		SolutionGuid = {48BBB17F-11D7-4CF4-87D3-9EBF12E51B5D}
	EndGlobalSection
EndGlobal
